
Microsoft Visual Studio Solution File, Format Version 12.00
# Visual Studio Version 17
VisualStudioVersion = 17.2.32616.157
MinimumVisualStudioVersion = 10.0.40219.1
Project("{FAE04EC0-301F-11D3-BF4B-00C04F79EFBC}") = "SD-330-W22SD-Lab4", "SD-330-W22SD-Lab4\SD-330-W22SD-Lab4.csproj", "{EA4D8482-D265-4570-A60A-B66123D1A60B}"
EndProject
Global
	GlobalSection(SolutionConfigurationPlatforms) = preSolution
		Debug|Any CPU = Debug|Any CPU
		Release|Any CPU = Release|Any CPU
	EndGlobalSection
	GlobalSection(ProjectConfigurationPlatforms) = postSolution
		{EA4D8482-D265-4570-A60A-B66123D1A60B}.Debug|Any CPU.ActiveCfg = Debug|Any CPU
		{EA4D8482-D265-4570-A60A-B66123D1A60B}.Debug|Any CPU.Build.0 = Debug|Any CPU
		{EA4D8482-D265-4570-A60A-B66123D1A60B}.Release|Any CPU.ActiveCfg = Release|Any CPU
		{EA4D8482-D265-4570-A60A-B66123D1A60B}.Release|Any CPU.Build.0 = Release|Any CPU
	EndGlobalSection
	GlobalSection(SolutionProperties) = preSolution
		HideSolutionNode = FALSE
	EndGlobalSection
	GlobalSection(ExtensibilityGlobals) = postSolution
		SolutionGuid = {C72C7032-A0D2-42CE-8FC4-87B46A84C10E}
	EndGlobalSection
EndGlobal
